
Microsoft Visual Studio Solution File, Format Version 12.00
# Visual Studio Version 16
VisualStudioVersion = 16.0.30503.244
MinimumVisualStudioVersion = 10.0.40219.1
Project("{FAE04EC0-301F-11D3-BF4B-00C04F79EFBC}") = "FormesGeometriques_UI", "FormesGeometriques_UI\FormesGeometriques_UI.csproj", "{0E3F3649-FA9A-4901-8258-36564A3FA083}"
EndProject
Global
	GlobalSection(SolutionConfigurationPlatforms) = preSolution
		Debug|Any CPU = Debug|Any CPU
		Release|Any CPU = Release|Any CPU
	EndGlobalSection
	GlobalSection(ProjectConfigurationPlatforms) = postSolution
		{0E3F3649-FA9A-4901-8258-36564A3FA083}.Debug|Any CPU.ActiveCfg = Debug|Any CPU
		{0E3F3649-FA9A-4901-8258-36564A3FA083}.Debug|Any CPU.Build.0 = Debug|Any CPU
		{0E3F3649-FA9A-4901-8258-36564A3FA083}.Release|Any CPU.ActiveCfg = Release|Any CPU
		{0E3F3649-FA9A-4901-8258-36564A3FA083}.Release|Any CPU.Build.0 = Release|Any CPU
	EndGlobalSection
	GlobalSection(SolutionProperties) = preSolution
		HideSolutionNode = FALSE
	EndGlobalSection
	GlobalSection(ExtensibilityGlobals) = postSolution
		SolutionGuid = {4247EE89-29AD-455D-B1DB-49D3CEC52226}
	EndGlobalSection
EndGlobal
